
Microsoft Visual Studio Solution File, Format Version 12.00
# Visual Studio Version 17
VisualStudioVersion = 17.6.33712.159
MinimumVisualStudioVersion = 10.0.40219.1
Project("{FAE04EC0-301F-11D3-BF4B-00C04F79EFBC}") = "CleanArchMVC.Domain", "CleanArchMVC.Domain\CleanArchMVC.Domain.csproj", "{8895FD96-3A5F-4A10-B506-CAEAE56C7EED}"
EndProject
Project("{FAE04EC0-301F-11D3-BF4B-00C04F79EFBC}") = "CleanArchMVC.Application", "CleanArchMVC.Application\CleanArchMVC.Application.csproj", "{93CE5AAD-8705-4928-8218-AD9A90B73C9B}"
EndProject
Project("{FAE04EC0-301F-11D3-BF4B-00C04F79EFBC}") = "CleanArchMVC.Infra.Data", "CleanArchMVC.Infra.Data\CleanArchMVC.Infra.Data.csproj", "{BA09EC03-F2FB-4D75-9D85-6206DC74CCDC}"
EndProject
Project("{FAE04EC0-301F-11D3-BF4B-00C04F79EFBC}") = "CleanArchMVC.Infra.IoC", "CleanArchMVC.Infra.IoC\CleanArchMVC.Infra.IoC.csproj", "{336EAA7C-A9F8-4316-BA36-F1FD85C8EE97}"
EndProject
Project("{FAE04EC0-301F-11D3-BF4B-00C04F79EFBC}") = "CleanArchMVC.WebUI", "CleanArchMVC.WebUI\CleanArchMVC.WebUI.csproj", "{A99B1F5C-7BC8-47C4-BEBB-064FE0EDB268}"
EndProject
Global
	GlobalSection(SolutionConfigurationPlatforms) = preSolution
		Debug|Any CPU = Debug|Any CPU
		Release|Any CPU = Release|Any CPU
	EndGlobalSection
	GlobalSection(ProjectConfigurationPlatforms) = postSolution
		{8895FD96-3A5F-4A10-B506-CAEAE56C7EED}.Debug|Any CPU.ActiveCfg = Debug|Any CPU
		{8895FD96-3A5F-4A10-B506-CAEAE56C7EED}.Debug|Any CPU.Build.0 = Debug|Any CPU
		{8895FD96-3A5F-4A10-B506-CAEAE56C7EED}.Release|Any CPU.ActiveCfg = Release|Any CPU
		{8895FD96-3A5F-4A10-B506-CAEAE56C7EED}.Release|Any CPU.Build.0 = Release|Any CPU
		{93CE5AAD-8705-4928-8218-AD9A90B73C9B}.Debug|Any CPU.ActiveCfg = Debug|Any CPU
		{93CE5AAD-8705-4928-8218-AD9A90B73C9B}.Debug|Any CPU.Build.0 = Debug|Any CPU
		{93CE5AAD-8705-4928-8218-AD9A90B73C9B}.Release|Any CPU.ActiveCfg = Release|Any CPU
		{93CE5AAD-8705-4928-8218-AD9A90B73C9B}.Release|Any CPU.Build.0 = Release|Any CPU
		{BA09EC03-F2FB-4D75-9D85-6206DC74CCDC}.Debug|Any CPU.ActiveCfg = Debug|Any CPU
		{BA09EC03-F2FB-4D75-9D85-6206DC74CCDC}.Debug|Any CPU.Build.0 = Debug|Any CPU
		{BA09EC03-F2FB-4D75-9D85-6206DC74CCDC}.Release|Any CPU.ActiveCfg = Release|Any CPU
		{BA09EC03-F2FB-4D75-9D85-6206DC74CCDC}.Release|Any CPU.Build.0 = Release|Any CPU
		{336EAA7C-A9F8-4316-BA36-F1FD85C8EE97}.Debug|Any CPU.ActiveCfg = Debug|Any CPU
		{336EAA7C-A9F8-4316-BA36-F1FD85C8EE97}.Debug|Any CPU.Build.0 = Debug|Any CPU
		{336EAA7C-A9F8-4316-BA36-F1FD85C8EE97}.Release|Any CPU.ActiveCfg = Release|Any CPU
		{336EAA7C-A9F8-4316-BA36-F1FD85C8EE97}.Release|Any CPU.Build.0 = Release|Any CPU
		{A99B1F5C-7BC8-47C4-BEBB-064FE0EDB268}.Debug|Any CPU.ActiveCfg = Debug|Any CPU
		{A99B1F5C-7BC8-47C4-BEBB-064FE0EDB268}.Debug|Any CPU.Build.0 = Debug|Any CPU
		{A99B1F5C-7BC8-47C4-BEBB-064FE0EDB268}.Release|Any CPU.ActiveCfg = Release|Any CPU
		{A99B1F5C-7BC8-47C4-BEBB-064FE0EDB268}.Release|Any CPU.Build.0 = Release|Any CPU
	EndGlobalSection
	GlobalSection(SolutionProperties) = preSolution
		HideSolutionNode = FALSE
	EndGlobalSection
	GlobalSection(ExtensibilityGlobals) = postSolution
		SolutionGuid = {53351843-E17B-423F-9707-7D288A78DC8D}
	EndGlobalSection
EndGlobal
